
Microsoft Visual Studio Solution File, Format Version 12.00
# Visual Studio 15
VisualStudioVersion = 15.0.28307.852
MinimumVisualStudioVersion = 10.0.40219.1
Project("{FAE04EC0-301F-11D3-BF4B-00C04F79EFBC}") = "Memo", "Memo\Memo.csproj", "{B05F6636-8470-4311-A179-9526A0116279}"
EndProject
Global
	GlobalSection(SolutionConfigurationPlatforms) = preSolution
		Debug|Any CPU = Debug|Any CPU
		Release|Any CPU = Release|Any CPU
	EndGlobalSection
	GlobalSection(ProjectConfigurationPlatforms) = postSolution
		{B05F6636-8470-4311-A179-9526A0116279}.Debug|Any CPU.ActiveCfg = Debug|Any CPU
		{B05F6636-8470-4311-A179-9526A0116279}.Debug|Any CPU.Build.0 = Debug|Any CPU
		{B05F6636-8470-4311-A179-9526A0116279}.Release|Any CPU.ActiveCfg = Release|Any CPU
		{B05F6636-8470-4311-A179-9526A0116279}.Release|Any CPU.Build.0 = Release|Any CPU
	EndGlobalSection
	GlobalSection(SolutionProperties) = preSolution
		HideSolutionNode = FALSE
	EndGlobalSection
	GlobalSection(ExtensibilityGlobals) = postSolution
		SolutionGuid = {5616D32A-377E-4AC8-B5A9-47DBF18982A0}
	EndGlobalSection
EndGlobal
